
Microsoft Visual Studio Solution File, Format Version 12.00
# Visual Studio 2017
Project("{FAE04EC0-301F-11D3-BF4B-00C04F79EFBC}") = "GameProgramming_2018_JL", "GameProgramming_2018_JL.csproj", "{54668EC4-06EF-944A-957F-FDFE9617FB2C}"
EndProject
Global
	GlobalSection(SolutionConfigurationPlatforms) = preSolution
		Debug|Any CPU = Debug|Any CPU
		Release|Any CPU = Release|Any CPU
	EndGlobalSection
	GlobalSection(ProjectConfigurationPlatforms) = postSolution
		{54668EC4-06EF-944A-957F-FDFE9617FB2C}.Debug|Any CPU.ActiveCfg = Debug|Any CPU
		{54668EC4-06EF-944A-957F-FDFE9617FB2C}.Debug|Any CPU.Build.0 = Debug|Any CPU
		{54668EC4-06EF-944A-957F-FDFE9617FB2C}.Release|Any CPU.ActiveCfg = Release|Any CPU
		{54668EC4-06EF-944A-957F-FDFE9617FB2C}.Release|Any CPU.Build.0 = Release|Any CPU
	EndGlobalSection
	GlobalSection(SolutionProperties) = preSolution
		HideSolutionNode = FALSE
	EndGlobalSection
EndGlobal
